// !$*UTF8*$!
{
	archiveVersion = 1;
	classes = {
	};
	objectVersion = 48;
	objects = {

/* Begin PBXBuildFile section */
		D73C3315209026800090FD4D /* AppDelegate.m in Sources */ = {isa = PBXBuildFile; fileRef = D73C3314209026800090FD4D /* AppDelegate.m */; };
		D73C3318209026800090FD4D /* ViewController.m in Sources */ = {isa = PBXBuildFile; fileRef = D73C3317209026800090FD4D /* ViewController.m */; };
		D73C331B209026800090FD4D /* Main.storyboard in Resources */ = {isa = PBXBuildFile; fileRef = D73C3319209026800090FD4D /* Main.storyboard */; };
		D73C331D209026800090FD4D /* Assets.xcassets in Resources */ = {isa = PBXBuildFile; fileRef = D73C331C209026800090FD4D /* Assets.xcassets */; };
		D73C3320209026800090FD4D /* LaunchScreen.storyboard in Resources */ = {isa = PBXBuildFile; fileRef = D73C331E209026800090FD4D /* LaunchScreen.storyboard */; };
		D73C3323209026800090FD4D /* main.m in Sources */ = {isa = PBXBuildFile; fileRef = D73C3322209026800090FD4D /* main.m */; };
		D73C3332209026920090FD4D /* LSRouterKit.h in Headers */ = {isa = PBXBuildFile; fileRef = D73C3330209026920090FD4D /* LSRouterKit.h */; settings = {ATTRIBUTES = (Public, ); }; };
		D73C3335209026920090FD4D /* LSRouterKit.framework in Frameworks */ = {isa = PBXBuildFile; fileRef = D73C332E209026920090FD4D /* LSRouterKit.framework */; };
		D73C3336209026920090FD4D /* LSRouterKit.framework in Embed Frameworks */ = {isa = PBXBuildFile; fileRef = D73C332E209026920090FD4D /* LSRouterKit.framework */; settings = {ATTRIBUTES = (CodeSignOnCopy, RemoveHeadersOnCopy, ); }; };
		D73C3346209026A50090FD4D /* LSRouterParam.h in Headers */ = {isa = PBXBuildFile; fileRef = D73C333B209026A40090FD4D /* LSRouterParam.h */; settings = {ATTRIBUTES = (Public, ); }; };
		D73C3347209026A50090FD4D /* LSRouter.h in Headers */ = {isa = PBXBuildFile; fileRef = D73C333C209026A40090FD4D /* LSRouter.h */; settings = {ATTRIBUTES = (Public, ); }; };
		D73C3348209026A50090FD4D /* LSRouterProtocol.h in Headers */ = {isa = PBXBuildFile; fileRef = D73C333D209026A40090FD4D /* LSRouterProtocol.h */; settings = {ATTRIBUTES = (Public, ); }; };
		D73C3349209026A50090FD4D /* LSRouterMaker.m in Sources */ = {isa = PBXBuildFile; fileRef = D73C333E209026A50090FD4D /* LSRouterMaker.m */; };
		D73C334A209026A50090FD4D /* LSRouterResultParam.h in Headers */ = {isa = PBXBuildFile; fileRef = D73C333F209026A50090FD4D /* LSRouterResultParam.h */; settings = {ATTRIBUTES = (Public, ); }; };
		D73C334B209026A50090FD4D /* UIViewController+LSRouter.h in Headers */ = {isa = PBXBuildFile; fileRef = D73C3340209026A50090FD4D /* UIViewController+LSRouter.h */; settings = {ATTRIBUTES = (Public, ); }; };
		D73C334C209026A50090FD4D /* LSRouterResultParam.m in Sources */ = {isa = PBXBuildFile; fileRef = D73C3341209026A50090FD4D /* LSRouterResultParam.m */; };
		D73C334D209026A50090FD4D /* LSRouterMaker.h in Headers */ = {isa = PBXBuildFile; fileRef = D73C3342209026A50090FD4D /* LSRouterMaker.h */; settings = {ATTRIBUTES = (Public, ); }; };
		D73C334E209026A50090FD4D /* LSRouter.m in Sources */ = {isa = PBXBuildFile; fileRef = D73C3343209026A50090FD4D /* LSRouter.m */; };
		D73C334F209026A50090FD4D /* LSRouterParam.m in Sources */ = {isa = PBXBuildFile; fileRef = D73C3344209026A50090FD4D /* LSRouterParam.m */; };
		D73C3350209026A50090FD4D /* UIViewController+LSRouter.m in Sources */ = {isa = PBXBuildFile; fileRef = D73C3345209026A50090FD4D /* UIViewController+LSRouter.m */; };
		D73C33542090287B0090FD4D /* ViewController1.m in Sources */ = {isa = PBXBuildFile; fileRef = D73C33522090287B0090FD4D /* ViewController1.m */; };
		D73C33552090287B0090FD4D /* ViewController1.xib in Resources */ = {isa = PBXBuildFile; fileRef = D73C33532090287B0090FD4D /* ViewController1.xib */; };
		D73C3359209028A60090FD4D /* ViewController2.m in Sources */ = {isa = PBXBuildFile; fileRef = D73C3357209028A60090FD4D /* ViewController2.m */; };
		D73C335A209028A60090FD4D /* ViewController2.xib in Resources */ = {isa = PBXBuildFile; fileRef = D73C3358209028A60090FD4D /* ViewController2.xib */; };
/* End PBXBuildFile section */

/* Begin PBXContainerItemProxy section */
		D73C3333209026920090FD4D /* PBXContainerItemProxy */ = {
			isa = PBXContainerItemProxy;
			containerPortal = D73C3308209026800090FD4D /* Project object */;
			proxyType = 1;
			remoteGlobalIDString = D73C332D209026920090FD4D;
			remoteInfo = LSRouterKit;
		};
/* End PBXContainerItemProxy section */

/* Begin PBXCopyFilesBuildPhase section */
		D73C333A209026920090FD4D /* Embed Frameworks */ = {
			isa = PBXCopyFilesBuildPhase;
			buildActionMask = 2147483647;
			dstPath = "";
			dstSubfolderSpec = 10;
			files = (
				D73C3336209026920090FD4D /* LSRouterKit.framework in Embed Frameworks */,
			);
			name = "Embed Frameworks";
			runOnlyForDeploymentPostprocessing = 0;
		};
/* End PBXCopyFilesBuildPhase section */

/* Begin PBXFileReference section */
		D73C3310209026800090FD4D /* LSRouterDemo.app */ = {isa = PBXFileReference; explicitFileType = wrapper.application; includeInIndex = 0; path = LSRouterDemo.app; sourceTree = BUILT_PRODUCTS_DIR; };
		D73C3313209026800090FD4D /* AppDelegate.h */ = {isa = PBXFileReference; lastKnownFileType = sourcecode.c.h; path = AppDelegate.h; sourceTree = "<group>"; };
		D73C3314209026800090FD4D /* AppDelegate.m */ = {isa = PBXFileReference; lastKnownFileType = sourcecode.c.objc; path = AppDelegate.m; sourceTree = "<group>"; };
		D73C3316209026800090FD4D /* ViewController.h */ = {isa = PBXFileReference; lastKnownFileType = sourcecode.c.h; path = ViewController.h; sourceTree = "<group>"; };
		D73C3317209026800090FD4D /* ViewController.m */ = {isa = PBXFileReference; lastKnownFileType = sourcecode.c.objc; path = ViewController.m; sourceTree = "<group>"; };
		D73C331A209026800090FD4D /* Base */ = {isa = PBXFileReference; lastKnownFileType = file.storyboard; name = Base; path = Base.lproj/Main.storyboard; sourceTree = "<group>"; };
		D73C331C209026800090FD4D /* Assets.xcassets */ = {isa = PBXFileReference; lastKnownFileType = folder.assetcatalog; path = Assets.xcassets; sourceTree = "<group>"; };
		D73C331F209026800090FD4D /* Base */ = {isa = PBXFileReference; lastKnownFileType = file.storyboard; name = Base; path = Base.lproj/LaunchScreen.storyboard; sourceTree = "<group>"; };
		D73C3321209026800090FD4D /* Info.plist */ = {isa = PBXFileReference; lastKnownFileType = text.plist.xml; path = Info.plist; sourceTree = "<group>"; };
		D73C3322209026800090FD4D /* main.m */ = {isa = PBXFileReference; lastKnownFileType = sourcecode.c.objc; path = main.m; sourceTree = "<group>"; };
		D73C332E209026920090FD4D /* LSRouterKit.framework */ = {isa = PBXFileReference; explicitFileType = wrapper.framework; includeInIndex = 0; path = LSRouterKit.framework; sourceTree = BUILT_PRODUCTS_DIR; };
		D73C3330209026920090FD4D /* LSRouterKit.h */ = {isa = PBXFileReference; lastKnownFileType = sourcecode.c.h; path = LSRouterKit.h; sourceTree = "<group>"; };
		D73C3331209026920090FD4D /* Info.plist */ = {isa = PBXFileReference; lastKnownFileType = text.plist.xml; path = Info.plist; sourceTree = "<group>"; };
		D73C333B209026A40090FD4D /* LSRouterParam.h */ = {isa = PBXFileReference; fileEncoding = 4; lastKnownFileType = sourcecode.c.h; path = LSRouterParam.h; sourceTree = "<group>"; };
		D73C333C209026A40090FD4D /* LSRouter.h */ = {isa = PBXFileReference; fileEncoding = 4; lastKnownFileType = sourcecode.c.h; path = LSRouter.h; sourceTree = "<group>"; };
		D73C333D209026A40090FD4D /* LSRouterProtocol.h */ = {isa = PBXFileReference; fileEncoding = 4; lastKnownFileType = sourcecode.c.h; path = LSRouterProtocol.h; sourceTree = "<group>"; };
		D73C333E209026A50090FD4D /* LSRouterMaker.m */ = {isa = PBXFileReference; fileEncoding = 4; lastKnownFileType = sourcecode.c.objc; path = LSRouterMaker.m; sourceTree = "<group>"; };
		D73C333F209026A50090FD4D /* LSRouterResultParam.h */ = {isa = PBXFileReference; fileEncoding = 4; lastKnownFileType = sourcecode.c.h; path = LSRouterResultParam.h; sourceTree = "<group>"; };
		D73C3340209026A50090FD4D /* UIViewController+LSRouter.h */ = {isa = PBXFileReference; fileEncoding = 4; lastKnownFileType = sourcecode.c.h; path = "UIViewController+LSRouter.h"; sourceTree = "<group>"; };
		D73C3341209026A50090FD4D /* LSRouterResultParam.m */ = {isa = PBXFileReference; fileEncoding = 4; lastKnownFileType = sourcecode.c.objc; path = LSRouterResultParam.m; sourceTree = "<group>"; };
		D73C3342209026A50090FD4D /* LSRouterMaker.h */ = {isa = PBXFileReference; fileEncoding = 4; lastKnownFileType = sourcecode.c.h; path = LSRouterMaker.h; sourceTree = "<group>"; };
		D73C3343209026A50090FD4D /* LSRouter.m */ = {isa = PBXFileReference; fileEncoding = 4; lastKnownFileType = sourcecode.c.objc; path = LSRouter.m; sourceTree = "<group>"; };
		D73C3344209026A50090FD4D /* LSRouterParam.m */ = {isa = PBXFileReference; fileEncoding = 4; lastKnownFileType = sourcecode.c.objc; path = LSRouterParam.m; sourceTree = "<group>"; };
		D73C3345209026A50090FD4D /* UIViewController+LSRouter.m */ = {isa = PBXFileReference; fileEncoding = 4; lastKnownFileType = sourcecode.c.objc; path = "UIViewController+LSRouter.m"; sourceTree = "<group>"; };
		D73C33512090287B0090FD4D /* ViewController1.h */ = {isa = PBXFileReference; lastKnownFileType = sourcecode.c.h; path = ViewController1.h; sourceTree = "<group>"; };
		D73C33522090287B0090FD4D /* ViewController1.m */ = {isa = PBXFileReference; lastKnownFileType = sourcecode.c.objc; path = ViewController1.m; sourceTree = "<group>"; };
		D73C33532090287B0090FD4D /* ViewController1.xib */ = {isa = PBXFileReference; lastKnownFileType = file.xib; path = ViewController1.xib; sourceTree = "<group>"; };
		D73C3356209028A60090FD4D /* ViewController2.h */ = {isa = PBXFileReference; lastKnownFileType = sourcecode.c.h; path = ViewController2.h; sourceTree = "<group>"; };
		D73C3357209028A60090FD4D /* ViewController2.m */ = {isa = PBXFileReference; lastKnownFileType = sourcecode.c.objc; path = ViewController2.m; sourceTree = "<group>"; };
		D73C3358209028A60090FD4D /* ViewController2.xib */ = {isa = PBXFileReference; lastKnownFileType = file.xib; path = ViewController2.xib; sourceTree = "<group>"; };
		D73C335C209060650090FD4D /* ViewController2Delegate.h */ = {isa = PBXFileReference; lastKnownFileType = sourcecode.c.h; path = ViewController2Delegate.h; sourceTree = "<group>"; };
/* End PBXFileReference section */

/* Begin PBXFrameworksBuildPhase section */
		D73C330D209026800090FD4D /* Frameworks */ = {
			isa = PBXFrameworksBuildPhase;
			buildActionMask = 2147483647;
			files = (
				D73C3335209026920090FD4D /* LSRouterKit.framework in Frameworks */,
			);
			runOnlyForDeploymentPostprocessing = 0;
		};
		D73C332A209026920090FD4D /* Frameworks */ = {
			isa = PBXFrameworksBuildPhase;
			buildActionMask = 2147483647;
			files = (
			);
			runOnlyForDeploymentPostprocessing = 0;
		};
/* End PBXFrameworksBuildPhase section */

/* Begin PBXGroup section */
		D73C3307209026800090FD4D = {
			isa = PBXGroup;
			children = (
				D73C3312209026800090FD4D /* LSRouterDemo */,
				D73C332F209026920090FD4D /* LSRouterKit */,
				D73C3311209026800090FD4D /* Products */,
			);
			sourceTree = "<group>";
		};
		D73C3311209026800090FD4D /* Products */ = {
			isa = PBXGroup;
			children = (
				D73C3310209026800090FD4D /* LSRouterDemo.app */,
				D73C332E209026920090FD4D /* LSRouterKit.framework */,
			);
			name = Products;
			sourceTree = "<group>";
		};
		D73C3312209026800090FD4D /* LSRouterDemo */ = {
			isa = PBXGroup;
			children = (
				D73C3313209026800090FD4D /* AppDelegate.h */,
				D73C3314209026800090FD4D /* AppDelegate.m */,
				D73C3316209026800090FD4D /* ViewController.h */,
				D73C3317209026800090FD4D /* ViewController.m */,
				D73C3319209026800090FD4D /* Main.storyboard */,
				D73C331C209026800090FD4D /* Assets.xcassets */,
				D73C331E209026800090FD4D /* LaunchScreen.storyboard */,
				D73C3321209026800090FD4D /* Info.plist */,
				D73C3322209026800090FD4D /* main.m */,
				D73C33512090287B0090FD4D /* ViewController1.h */,
				D73C33522090287B0090FD4D /* ViewController1.m */,
				D73C33532090287B0090FD4D /* ViewController1.xib */,
				D73C3356209028A60090FD4D /* ViewController2.h */,
				D73C3357209028A60090FD4D /* ViewController2.m */,
				D73C3358209028A60090FD4D /* ViewController2.xib */,
				D73C335C209060650090FD4D /* ViewController2Delegate.h */,
			);
			path = LSRouterDemo;
			sourceTree = "<group>";
		};
		D73C332F209026920090FD4D /* LSRouterKit */ = {
			isa = PBXGroup;
			children = (
				D73C3330209026920090FD4D /* LSRouterKit.h */,
				D73C333C209026A40090FD4D /* LSRouter.h */,
				D73C3343209026A50090FD4D /* LSRouter.m */,
				D73C3342209026A50090FD4D /* LSRouterMaker.h */,
				D73C333E209026A50090FD4D /* LSRouterMaker.m */,
				D73C333B209026A40090FD4D /* LSRouterParam.h */,
				D73C3344209026A50090FD4D /* LSRouterParam.m */,
				D73C333D209026A40090FD4D /* LSRouterProtocol.h */,
				D73C333F209026A50090FD4D /* LSRouterResultParam.h */,
				D73C3341209026A50090FD4D /* LSRouterResultParam.m */,
				D73C3340209026A50090FD4D /* UIViewController+LSRouter.h */,
				D73C3345209026A50090FD4D /* UIViewController+LSRouter.m */,
				D73C3331209026920090FD4D /* Info.plist */,
			);
			path = LSRouterKit;
			sourceTree = "<group>";
		};
/* End PBXGroup section */

/* Begin PBXHeadersBuildPhase section */
		D73C332B209026920090FD4D /* Headers */ = {
			isa = PBXHeadersBuildPhase;
			buildActionMask = 2147483647;
			files = (
				D73C3347209026A50090FD4D /* LSRouter.h in Headers */,
				D73C3346209026A50090FD4D /* LSRouterParam.h in Headers */,
				D73C3348209026A50090FD4D /* LSRouterProtocol.h in Headers */,
				D73C334B209026A50090FD4D /* UIViewController+LSRouter.h in Headers */,
				D73C3332209026920090FD4D /* LSRouterKit.h in Headers */,
				D73C334D209026A50090FD4D /* LSRouterMaker.h in Headers */,
				D73C334A209026A50090FD4D /* LSRouterResultParam.h in Headers */,
			);
			runOnlyForDeploymentPostprocessing = 0;
		};
/* End PBXHeadersBuildPhase section */

/* Begin PBXNativeTarget section */
		D73C330F209026800090FD4D /* LSRouterDemo */ = {
			isa = PBXNativeTarget;
			buildConfigurationList = D73C3326209026800090FD4D /* Build configuration list for PBXNativeTarget "LSRouterDemo" */;
			buildPhases = (
				D73C330C209026800090FD4D /* Sources */,
				D73C330D209026800090FD4D /* Frameworks */,
				D73C330E209026800090FD4D /* Resources */,
				D73C333A209026920090FD4D /* Embed Frameworks */,
			);
			buildRules = (
			);
			dependencies = (
				D73C3334209026920090FD4D /* PBXTargetDependency */,
			);
			name = LSRouterDemo;
			productName = LSRouterDemo;
			productReference = D73C3310209026800090FD4D /* LSRouterDemo.app */;
			productType = "com.apple.product-type.application";
		};
		D73C332D209026920090FD4D /* LSRouterKit */ = {
			isa = PBXNativeTarget;
			buildConfigurationList = D73C3337209026920090FD4D /* Build configuration list for PBXNativeTarget "LSRouterKit" */;
			buildPhases = (
				D73C3329209026920090FD4D /* Sources */,
				D73C332A209026920090FD4D /* Frameworks */,
				D73C332B209026920090FD4D /* Headers */,
				D73C332C209026920090FD4D /* Resources */,
			);
			buildRules = (
			);
			dependencies = (
			);
			name = LSRouterKit;
			productName = LSRouterKit;
			productReference = D73C332E209026920090FD4D /* LSRouterKit.framework */;
			productType = "com.apple.product-type.framework";
		};
/* End PBXNativeTarget section */

/* Begin PBXProject section */
		D73C3308209026800090FD4D /* Project object */ = {
			isa = PBXProject;
			attributes = {
				LastUpgradeCheck = 0910;
				ORGANIZATIONNAME = dev;
				TargetAttributes = {
					D73C330F209026800090FD4D = {
						CreatedOnToolsVersion = 9.1;
						ProvisioningStyle = Automatic;
					};
					D73C332D209026920090FD4D = {
						CreatedOnToolsVersion = 9.1;
						ProvisioningStyle = Automatic;
					};
				};
			};
			buildConfigurationList = D73C330B209026800090FD4D /* Build configuration list for PBXProject "LSRouterDemo" */;
			compatibilityVersion = "Xcode 8.0";
			developmentRegion = en;
			hasScannedForEncodings = 0;
			knownRegions = (
				en,
				Base,
			);
			mainGroup = D73C3307209026800090FD4D;
			productRefGroup = D73C3311209026800090FD4D /* Products */;
			projectDirPath = "";
			projectRoot = "";
			targets = (
				D73C330F209026800090FD4D /* LSRouterDemo */,
				D73C332D209026920090FD4D /* LSRouterKit */,
			);
		};
/* End PBXProject section */

/* Begin PBXResourcesBuildPhase section */
		D73C330E209026800090FD4D /* Resources */ = {
			isa = PBXResourcesBuildPhase;
			buildActionMask = 2147483647;
			files = (
				D73C335A209028A60090FD4D /* ViewController2.xib in Resources */,
				D73C33552090287B0090FD4D /* ViewController1.xib in Resources */,
				D73C3320209026800090FD4D /* LaunchScreen.storyboard in Resources */,
				D73C331D209026800090FD4D /* Assets.xcassets in Resources */,
				D73C331B209026800090FD4D /* Main.storyboard in Resources */,
			);
			runOnlyForDeploymentPostprocessing = 0;
		};
		D73C332C209026920090FD4D /* Resources */ = {
			isa = PBXResourcesBuildPhase;
			buildActionMask = 2147483647;
			files = (
			);
			runOnlyForDeploymentPostprocessing = 0;
		};
/* End PBXResourcesBuildPhase section */

/* Begin PBXSourcesBuildPhase section */
		D73C330C209026800090FD4D /* Sources */ = {
			isa = PBXSourcesBuildPhase;
			buildActionMask = 2147483647;
			files = (
				D73C33542090287B0090FD4D /* ViewController1.m in Sources */,
				D73C3318209026800090FD4D /* ViewController.m in Sources */,
				D73C3359209028A60090FD4D /* ViewController2.m in Sources */,
				D73C3323209026800090FD4D /* main.m in Sources */,
				D73C3315209026800090FD4D /* AppDelegate.m in Sources */,
			);
			runOnlyForDeploymentPostprocessing = 0;
		};
		D73C3329209026920090FD4D /* Sources */ = {
			isa = PBXSourcesBuildPhase;
			buildActionMask = 2147483647;
			files = (
				D73C334C209026A50090FD4D /* LSRouterResultParam.m in Sources */,
				D73C334E209026A50090FD4D /* LSRouter.m in Sources */,
				D73C3350209026A50090FD4D /* UIViewController+LSRouter.m in Sources */,
				D73C3349209026A50090FD4D /* LSRouterMaker.m in Sources */,
				D73C334F209026A50090FD4D /* LSRouterParam.m in Sources */,
			);
			runOnlyForDeploymentPostprocessing = 0;
		};
/* End PBXSourcesBuildPhase section */

/* Begin PBXTargetDependency section */
		D73C3334209026920090FD4D /* PBXTargetDependency */ = {
			isa = PBXTargetDependency;
			target = D73C332D209026920090FD4D /* LSRouterKit */;
			targetProxy = D73C3333209026920090FD4D /* PBXContainerItemProxy */;
		};
/* End PBXTargetDependency section */

/* Begin PBXVariantGroup section */
		D73C3319209026800090FD4D /* Main.storyboard */ = {
			isa = PBXVariantGroup;
			children = (
				D73C331A209026800090FD4D /* Base */,
			);
			name = Main.storyboard;
			sourceTree = "<group>";
		};
		D73C331E209026800090FD4D /* LaunchScreen.storyboard */ = {
			isa = PBXVariantGroup;
			children = (
				D73C331F209026800090FD4D /* Base */,
			);
			name = LaunchScreen.storyboard;
			sourceTree = "<group>";
		};
/* End PBXVariantGroup section */

/* Begin XCBuildConfiguration section */
		D73C3324209026800090FD4D /* Debug */ = {
			isa = XCBuildConfiguration;
			buildSettings = {
				ALWAYS_SEARCH_USER_PATHS = NO;
				CLANG_ANALYZER_NONNULL = YES;
				CLANG_ANALYZER_NUMBER_OBJECT_CONVERSION = YES_AGGRESSIVE;
				CLANG_CXX_LANGUAGE_STANDARD = "gnu++14";
				CLANG_CXX_LIBRARY = "libc++";
				CLANG_ENABLE_MODULES = YES;
				CLANG_ENABLE_OBJC_ARC = YES;
				CLANG_WARN_BLOCK_CAPTURE_AUTORELEASING = YES;
				CLANG_WARN_BOOL_CONVERSION = YES;
				CLANG_WARN_COMMA = YES;
				CLANG_WARN_CONSTANT_CONVERSION = YES;
				CLANG_WARN_DIRECT_OBJC_ISA_USAGE = YES_ERROR;
				CLANG_WARN_DOCUMENTATION_COMMENTS = YES;
				CLANG_WARN_EMPTY_BODY = YES;
				CLANG_WARN_ENUM_CONVERSION = YES;
				CLANG_WARN_INFINITE_RECURSION = YES;
				CLANG_WARN_INT_CONVERSION = YES;
				CLANG_WARN_NON_LITERAL_NULL_CONVERSION = YES;
				CLANG_WARN_OBJC_LITERAL_CONVERSION = YES;
				CLANG_WARN_OBJC_ROOT_CLASS = YES_ERROR;
				CLANG_WARN_RANGE_LOOP_ANALYSIS = YES;
				CLANG_WARN_STRICT_PROTOTYPES = YES;
				CLANG_WARN_SUSPICIOUS_MOVE = YES;
				CLANG_WARN_UNGUARDED_AVAILABILITY = YES_AGGRESSIVE;
				CLANG_WARN_UNREACHABLE_CODE = YES;
				CLANG_WARN__DUPLICATE_METHOD_MATCH = YES;
				CODE_SIGN_IDENTITY = "iPhone Developer";
				COPY_PHASE_STRIP = NO;
				DEBUG_INFORMATION_FORMAT = dwarf;
				ENABLE_STRICT_OBJC_MSGSEND = YES;
				ENABLE_TESTABILITY = YES;
				GCC_C_LANGUAGE_STANDARD = gnu11;
				GCC_DYNAMIC_NO_PIC = NO;
				GCC_NO_COMMON_BLOCKS = YES;
				GCC_OPTIMIZATION_LEVEL = 0;
				GCC_PREPROCESSOR_DEFINITIONS = (
					"DEBUG=1",
					"$(inherited)",
				);
				GCC_WARN_64_TO_32_BIT_CONVERSION = YES;
				GCC_WARN_ABOUT_RETURN_TYPE = YES_ERROR;
				GCC_WARN_UNDECLARED_SELECTOR = YES;
				GCC_WARN_UNINITIALIZED_AUTOS = YES_AGGRESSIVE;
				GCC_WARN_UNUSED_FUNCTION = YES;
				GCC_WARN_UNUSED_VARIABLE = YES;
				IPHONEOS_DEPLOYMENT_TARGET = 11.1;
				MTL_ENABLE_DEBUG_INFO = YES;
				ONLY_ACTIVE_ARCH = YES;
				SDKROOT = iphoneos;
			};
			name = Debug;
		};
		D73C3325209026800090FD4D /* Release */ = {
			isa = XCBuildConfiguration;
			buildSettings = {
				ALWAYS_SEARCH_USER_PATHS = NO;
				CLANG_ANALYZER_NONNULL = YES;
				CLANG_ANALYZER_NUMBER_OBJECT_CONVERSION = YES_AGGRESSIVE;
				CLANG_CXX_LANGUAGE_STANDARD = "gnu++14";
				CLANG_CXX_LIBRARY = "libc++";
				CLANG_ENABLE_MODULES = YES;
				CLANG_ENABLE_OBJC_ARC = YES;
				CLANG_WARN_BLOCK_CAPTURE_AUTORELEASING = YES;
				CLANG_WARN_BOOL_CONVERSION = YES;
				CLANG_WARN_COMMA = YES;
				CLANG_WARN_CONSTANT_CONVERSION = YES;
				CLANG_WARN_DIRECT_OBJC_ISA_USAGE = YES_ERROR;
				CLANG_WARN_DOCUMENTATION_COMMENTS = YES;
				CLANG_WARN_EMPTY_BODY = YES;
				CLANG_WARN_ENUM_CONVERSION = YES;
				CLANG_WARN_INFINITE_RECURSION = YES;
				CLANG_WARN_INT_CONVERSION = YES;
				CLANG_WARN_NON_LITERAL_NULL_CONVERSION = YES;
				CLANG_WARN_OBJC_LITERAL_CONVERSION = YES;
				CLANG_WARN_OBJC_ROOT_CLASS = YES_ERROR;
				CLANG_WARN_RANGE_LOOP_ANALYSIS = YES;
				CLANG_WARN_STRICT_PROTOTYPES = YES;
				CLANG_WARN_SUSPICIOUS_MOVE = YES;
				CLANG_WARN_UNGUARDED_AVAILABILITY = YES_AGGRESSIVE;
				CLANG_WARN_UNREACHABLE_CODE = YES;
				CLANG_WARN__DUPLICATE_METHOD_MATCH = YES;
				CODE_SIGN_IDENTITY = "iPhone Developer";
				COPY_PHASE_STRIP = NO;
				DEBUG_INFORMATION_FORMAT = "dwarf-with-dsym";
				ENABLE_NS_ASSERTIONS = NO;
				ENABLE_STRICT_OBJC_MSGSEND = YES;
				GCC_C_LANGUAGE_STANDARD = gnu11;
				GCC_NO_COMMON_BLOCKS = YES;
				GCC_WARN_64_TO_32_BIT_CONVERSION = YES;
				GCC_WARN_ABOUT_RETURN_TYPE = YES_ERROR;
				GCC_WARN_UNDECLARED_SELECTOR = YES;
				GCC_WARN_UNINITIALIZED_AUTOS = YES_AGGRESSIVE;
				GCC_WARN_UNUSED_FUNCTION = YES;
				GCC_WARN_UNUSED_VARIABLE = YES;
				IPHONEOS_DEPLOYMENT_TARGET = 11.1;
				MTL_ENABLE_DEBUG_INFO = NO;
				SDKROOT = iphoneos;
				VALIDATE_PRODUCT = YES;
			};
			name = Release;
		};
		D73C3327209026800090FD4D /* Debug */ = {
			isa = XCBuildConfiguration;
			buildSettings = {
				ASSETCATALOG_COMPILER_APPICON_NAME = AppIcon;
				CODE_SIGN_STYLE = Automatic;
				DEVELOPMENT_TEAM = 3BRR23J3QT;
				INFOPLIST_FILE = LSRouterDemo/Info.plist;
				LD_RUNPATH_SEARCH_PATHS = "$(inherited) @executable_path/Frameworks";
				PRODUCT_BUNDLE_IDENTIFIER = com.lsf.LSRouterDemo;
				PRODUCT_NAME = "$(TARGET_NAME)";
				TARGETED_DEVICE_FAMILY = "1,2";
			};
			name = Debug;
		};
		D73C3328209026800090FD4D /* Release */ = {
			isa = XCBuildConfiguration;
			buildSettings = {
				ASSETCATALOG_COMPILER_APPICON_NAME = AppIcon;
				CODE_SIGN_STYLE = Automatic;
				DEVELOPMENT_TEAM = 3BRR23J3QT;
				INFOPLIST_FILE = LSRouterDemo/Info.plist;
				LD_RUNPATH_SEARCH_PATHS = "$(inherited) @executable_path/Frameworks";
				PRODUCT_BUNDLE_IDENTIFIER = com.lsf.LSRouterDemo;
				PRODUCT_NAME = "$(TARGET_NAME)";
				TARGETED_DEVICE_FAMILY = "1,2";
			};
			name = Release;
		};
		D73C3338209026920090FD4D /* Debug */ = {
			isa = XCBuildConfiguration;
			buildSettings = {
				CODE_SIGN_IDENTITY = "";
				CODE_SIGN_STYLE = Automatic;
				CURRENT_PROJECT_VERSION = 1;
				DEFINES_MODULE = YES;
				DEVELOPMENT_TEAM = 3BRR23J3QT;
				DYLIB_COMPATIBILITY_VERSION = 1;
				DYLIB_CURRENT_VERSION = 1;
				DYLIB_INSTALL_NAME_BASE = "@rpath";
				INFOPLIST_FILE = LSRouterKit/Info.plist;
				INSTALL_PATH = "$(LOCAL_LIBRARY_DIR)/Frameworks";
				LD_RUNPATH_SEARCH_PATHS = "$(inherited) @executable_path/Frameworks @loader_path/Frameworks";
				PRODUCT_BUNDLE_IDENTIFIER = com.lsf.LSRouterKit;
				PRODUCT_NAME = "$(TARGET_NAME:c99extidentifier)";
				SKIP_INSTALL = YES;
				TARGETED_DEVICE_FAMILY = "1,2";
				VERSIONING_SYSTEM = "apple-generic";
				VERSION_INFO_PREFIX = "";
			};
			name = Debug;
		};
		D73C3339209026920090FD4D /* Release */ = {
			isa = XCBuildConfiguration;
			buildSettings = {
				CODE_SIGN_IDENTITY = "";
				CODE_SIGN_STYLE = Automatic;
				CURRENT_PROJECT_VERSION = 1;
				DEFINES_MODULE = YES;
				DEVELOPMENT_TEAM = 3BRR23J3QT;
				DYLIB_COMPATIBILITY_VERSION = 1;
				DYLIB_CURRENT_VERSION = 1;
				DYLIB_INSTALL_NAME_BASE = "@rpath";
				INFOPLIST_FILE = LSRouterKit/Info.plist;
				INSTALL_PATH = "$(LOCAL_LIBRARY_DIR)/Frameworks";
				LD_RUNPATH_SEARCH_PATHS = "$(inherited) @executable_path/Frameworks @loader_path/Frameworks";
				PRODUCT_BUNDLE_IDENTIFIER = com.lsf.LSRouterKit;
				PRODUCT_NAME = "$(TARGET_NAME:c99extidentifier)";
				SKIP_INSTALL = YES;
				TARGETED_DEVICE_FAMILY = "1,2";
				VERSIONING_SYSTEM = "apple-generic";
				VERSION_INFO_PREFIX = "";
			};
			name = Release;
		};
/* End XCBuildConfiguration section */

/* Begin XCConfigurationList section */
		D73C330B209026800090FD4D /* Build configuration list for PBXProject "LSRouterDemo" */ = {
			isa = XCConfigurationList;
			buildConfigurations = (
				D73C3324209026800090FD4D /* Debug */,
				D73C3325209026800090FD4D /* Release */,
			);
			defaultConfigurationIsVisible = 0;
			defaultConfigurationName = Release;
		};
		D73C3326209026800090FD4D /* Build configuration list for PBXNativeTarget "LSRouterDemo" */ = {
			isa = XCConfigurationList;
			buildConfigurations = (
				D73C3327209026800090FD4D /* Debug */,
				D73C3328209026800090FD4D /* Release */,
			);
			defaultConfigurationIsVisible = 0;
			defaultConfigurationName = Release;
		};
		D73C3337209026920090FD4D /* Build configuration list for PBXNativeTarget "LSRouterKit" */ = {
			isa = XCConfigurationList;
			buildConfigurations = (
				D73C3338209026920090FD4D /* Debug */,
				D73C3339209026920090FD4D /* Release */,
			);
			defaultConfigurationIsVisible = 0;
			defaultConfigurationName = Release;
		};
/* End XCConfigurationList section */
	};
	rootObject = D73C3308209026800090FD4D /* Project object */;
}
